// !$*UTF8*$!
{
	archiveVersion = 1;
	classes = {
	};
	objectVersion = 56;
	objects = {

/* Begin PBXBuildFile section */
		840986332C1AB75B008B133C /* MovieTableViewCell.xib in Resources */ = {isa = PBXBuildFile; fileRef = 840986322C1AB75B008B133C /* MovieTableViewCell.xib */; };
		840986342C1AB75B008B133C /* MovieTableViewCell.swift in Sources */ = {isa = PBXBuildFile; fileRef = 840986312C1AB75B008B133C /* MovieTableViewCell.swift */; };
		840986372C1ABD18008B133C /* MainViewModel.swift in Sources */ = {isa = PBXBuildFile; fileRef = 840986362C1ABD18008B133C /* MainViewModel.swift */; };
		8409863A2C1ABDEC008B133C /* MainManager.swift in Sources */ = {isa = PBXBuildFile; fileRef = 840986392C1ABDEC008B133C /* MainManager.swift */; };
		8409863D2C1ABF18008B133C /* MoviesResponse.swift in Sources */ = {isa = PBXBuildFile; fileRef = 8409863C2C1ABF18008B133C /* MoviesResponse.swift */; };
		8409863F2C1ABF61008B133C /* URLSessionExtensions.swift in Sources */ = {isa = PBXBuildFile; fileRef = 8409863E2C1ABF61008B133C /* URLSessionExtensions.swift */; };
		840986412C1ABFDE008B133C /* MovieResponse.swift in Sources */ = {isa = PBXBuildFile; fileRef = 840986402C1ABFDE008B133C /* MovieResponse.swift */; };
		840986442C1AC193008B133C /* Observable.swift in Sources */ = {isa = PBXBuildFile; fileRef = 840986432C1AC193008B133C /* Observable.swift */; };
		8409864A2C1B3D48008B133C /* MainAdapter.swift in Sources */ = {isa = PBXBuildFile; fileRef = 840986492C1B3D48008B133C /* MainAdapter.swift */; };
		8409864D2C1CC83C008B133C /* MovieDetailsViewController.swift in Sources */ = {isa = PBXBuildFile; fileRef = 8409864B2C1CC83C008B133C /* MovieDetailsViewController.swift */; };
		8409864E2C1CC83C008B133C /* MovieDetailsViewController.xib in Resources */ = {isa = PBXBuildFile; fileRef = 8409864C2C1CC83C008B133C /* MovieDetailsViewController.xib */; };
		840986512C1CF264008B133C /* UIViewControllerExtensions.swift in Sources */ = {isa = PBXBuildFile; fileRef = 840986502C1CF264008B133C /* UIViewControllerExtensions.swift */; };
		840986532C1D193F008B133C /* UIViewExtensions.swift in Sources */ = {isa = PBXBuildFile; fileRef = 840986522C1D193F008B133C /* UIViewExtensions.swift */; };
		840986552C1D1965008B133C /* ImageService.swift in Sources */ = {isa = PBXBuildFile; fileRef = 840986542C1D1965008B133C /* ImageService.swift */; };
		840986572C1DE189008B133C /* UIColorExtensions.swift in Sources */ = {isa = PBXBuildFile; fileRef = 840986562C1DE189008B133C /* UIColorExtensions.swift */; };
		8409865B2C1DE4F6008B133C /* MockMainManager.swift in Sources */ = {isa = PBXBuildFile; fileRef = 8409865A2C1DE4F6008B133C /* MockMainManager.swift */; };
		8409865D2C1E1C1E008B133C /* APIManager.swift in Sources */ = {isa = PBXBuildFile; fileRef = 8409865C2C1E1C1E008B133C /* APIManager.swift */; };
		840986602C1E1C5A008B133C /* Constants.swift in Sources */ = {isa = PBXBuildFile; fileRef = 8409865F2C1E1C5A008B133C /* Constants.swift */; };
		84B522CF2C1A6F8E00372C1E /* AppDelegate.swift in Sources */ = {isa = PBXBuildFile; fileRef = 84B522CE2C1A6F8E00372C1E /* AppDelegate.swift */; };
		84B522D12C1A6F8E00372C1E /* SceneDelegate.swift in Sources */ = {isa = PBXBuildFile; fileRef = 84B522D02C1A6F8E00372C1E /* SceneDelegate.swift */; };
		84B522D82C1A6F9000372C1E /* Assets.xcassets in Resources */ = {isa = PBXBuildFile; fileRef = 84B522D72C1A6F9000372C1E /* Assets.xcassets */; };
		84B522DB2C1A6F9000372C1E /* Base in Resources */ = {isa = PBXBuildFile; fileRef = 84B522DA2C1A6F9000372C1E /* Base */; };
		84B522E62C1A6F9000372C1E /* MainViewModelTests.swift in Sources */ = {isa = PBXBuildFile; fileRef = 84B522E52C1A6F9000372C1E /* MainViewModelTests.swift */; };
		84B5230A2C1A7EA900372C1E /* MainFactory.swift in Sources */ = {isa = PBXBuildFile; fileRef = 84B523092C1A7EA900372C1E /* MainFactory.swift */; };
		84B5230E2C1A8E6900372C1E /* MainViewController.xib in Resources */ = {isa = PBXBuildFile; fileRef = 84B5230D2C1A8E6900372C1E /* MainViewController.xib */; };
		84B5230F2C1A8E6900372C1E /* MainViewController.swift in Sources */ = {isa = PBXBuildFile; fileRef = 84B5230C2C1A8E6900372C1E /* MainViewController.swift */; };
/* End PBXBuildFile section */

/* Begin PBXContainerItemProxy section */
		84B522E22C1A6F9000372C1E /* PBXContainerItemProxy */ = {
			isa = PBXContainerItemProxy;
			containerPortal = 84B522C32C1A6F8E00372C1E /* Project object */;
			proxyType = 1;
			remoteGlobalIDString = 84B522CA2C1A6F8E00372C1E;
			remoteInfo = MoviesApp;
		};
/* End PBXContainerItemProxy section */

/* Begin PBXFileReference section */
		840986312C1AB75B008B133C /* MovieTableViewCell.swift */ = {isa = PBXFileReference; lastKnownFileType = sourcecode.swift; path = MovieTableViewCell.swift; sourceTree = "<group>"; };
		840986322C1AB75B008B133C /* MovieTableViewCell.xib */ = {isa = PBXFileReference; lastKnownFileType = file.xib; path = MovieTableViewCell.xib; sourceTree = "<group>"; };
		840986362C1ABD18008B133C /* MainViewModel.swift */ = {isa = PBXFileReference; lastKnownFileType = sourcecode.swift; path = MainViewModel.swift; sourceTree = "<group>"; };
		840986392C1ABDEC008B133C /* MainManager.swift */ = {isa = PBXFileReference; lastKnownFileType = sourcecode.swift; path = MainManager.swift; sourceTree = "<group>"; };
		8409863C2C1ABF18008B133C /* MoviesResponse.swift */ = {isa = PBXFileReference; lastKnownFileType = sourcecode.swift; path = MoviesResponse.swift; sourceTree = "<group>"; };
		8409863E2C1ABF61008B133C /* URLSessionExtensions.swift */ = {isa = PBXFileReference; lastKnownFileType = sourcecode.swift; path = URLSessionExtensions.swift; sourceTree = "<group>"; };
		840986402C1ABFDE008B133C /* MovieResponse.swift */ = {isa = PBXFileReference; lastKnownFileType = sourcecode.swift; path = MovieResponse.swift; sourceTree = "<group>"; };
		840986432C1AC193008B133C /* Observable.swift */ = {isa = PBXFileReference; lastKnownFileType = sourcecode.swift; path = Observable.swift; sourceTree = "<group>"; };
		840986492C1B3D48008B133C /* MainAdapter.swift */ = {isa = PBXFileReference; lastKnownFileType = sourcecode.swift; path = MainAdapter.swift; sourceTree = "<group>"; };
		8409864B2C1CC83C008B133C /* MovieDetailsViewController.swift */ = {isa = PBXFileReference; lastKnownFileType = sourcecode.swift; path = MovieDetailsViewController.swift; sourceTree = "<group>"; };
		8409864C2C1CC83C008B133C /* MovieDetailsViewController.xib */ = {isa = PBXFileReference; lastKnownFileType = file.xib; path = MovieDetailsViewController.xib; sourceTree = "<group>"; };
		840986502C1CF264008B133C /* UIViewControllerExtensions.swift */ = {isa = PBXFileReference; lastKnownFileType = sourcecode.swift; path = UIViewControllerExtensions.swift; sourceTree = "<group>"; };
		840986522C1D193F008B133C /* UIViewExtensions.swift */ = {isa = PBXFileReference; lastKnownFileType = sourcecode.swift; path = UIViewExtensions.swift; sourceTree = "<group>"; };
		840986542C1D1965008B133C /* ImageService.swift */ = {isa = PBXFileReference; lastKnownFileType = sourcecode.swift; path = ImageService.swift; sourceTree = "<group>"; };
		840986562C1DE189008B133C /* UIColorExtensions.swift */ = {isa = PBXFileReference; lastKnownFileType = sourcecode.swift; path = UIColorExtensions.swift; sourceTree = "<group>"; };
		8409865A2C1DE4F6008B133C /* MockMainManager.swift */ = {isa = PBXFileReference; lastKnownFileType = sourcecode.swift; path = MockMainManager.swift; sourceTree = "<group>"; };
		8409865C2C1E1C1E008B133C /* APIManager.swift */ = {isa = PBXFileReference; lastKnownFileType = sourcecode.swift; path = APIManager.swift; sourceTree = "<group>"; };
		8409865F2C1E1C5A008B133C /* Constants.swift */ = {isa = PBXFileReference; lastKnownFileType = sourcecode.swift; path = Constants.swift; sourceTree = "<group>"; };
		84B522CB2C1A6F8E00372C1E /* MoviesApp.app */ = {isa = PBXFileReference; explicitFileType = wrapper.application; includeInIndex = 0; path = MoviesApp.app; sourceTree = BUILT_PRODUCTS_DIR; };
		84B522CE2C1A6F8E00372C1E /* AppDelegate.swift */ = {isa = PBXFileReference; lastKnownFileType = sourcecode.swift; path = AppDelegate.swift; sourceTree = "<group>"; };
		84B522D02C1A6F8E00372C1E /* SceneDelegate.swift */ = {isa = PBXFileReference; lastKnownFileType = sourcecode.swift; path = SceneDelegate.swift; sourceTree = "<group>"; };
		84B522D72C1A6F9000372C1E /* Assets.xcassets */ = {isa = PBXFileReference; lastKnownFileType = folder.assetcatalog; path = Assets.xcassets; sourceTree = "<group>"; };
		84B522DA2C1A6F9000372C1E /* Base */ = {isa = PBXFileReference; lastKnownFileType = file.storyboard; name = Base; path = Base.lproj/LaunchScreen.storyboard; sourceTree = "<group>"; };
		84B522DC2C1A6F9000372C1E /* Info.plist */ = {isa = PBXFileReference; lastKnownFileType = text.plist.xml; path = Info.plist; sourceTree = "<group>"; };
		84B522E12C1A6F9000372C1E /* MoviesAppTests.xctest */ = {isa = PBXFileReference; explicitFileType = wrapper.cfbundle; includeInIndex = 0; path = MoviesAppTests.xctest; sourceTree = BUILT_PRODUCTS_DIR; };
		84B522E52C1A6F9000372C1E /* MainViewModelTests.swift */ = {isa = PBXFileReference; lastKnownFileType = sourcecode.swift; path = MainViewModelTests.swift; sourceTree = "<group>"; };
		84B523092C1A7EA900372C1E /* MainFactory.swift */ = {isa = PBXFileReference; lastKnownFileType = sourcecode.swift; path = MainFactory.swift; sourceTree = "<group>"; };
		84B5230C2C1A8E6900372C1E /* MainViewController.swift */ = {isa = PBXFileReference; lastKnownFileType = sourcecode.swift; path = MainViewController.swift; sourceTree = "<group>"; };
		84B5230D2C1A8E6900372C1E /* MainViewController.xib */ = {isa = PBXFileReference; lastKnownFileType = file.xib; path = MainViewController.xib; sourceTree = "<group>"; };
/* End PBXFileReference section */

/* Begin PBXFrameworksBuildPhase section */
		84B522C82C1A6F8E00372C1E /* Frameworks */ = {
			isa = PBXFrameworksBuildPhase;
			buildActionMask = 2147483647;
			files = (
			);
			runOnlyForDeploymentPostprocessing = 0;
		};
		84B522DE2C1A6F9000372C1E /* Frameworks */ = {
			isa = PBXFrameworksBuildPhase;
			buildActionMask = 2147483647;
			files = (
			);
			runOnlyForDeploymentPostprocessing = 0;
		};
/* End PBXFrameworksBuildPhase section */

/* Begin PBXGroup section */
		840986302C1AB733008B133C /* Cell */ = {
			isa = PBXGroup;
			children = (
				840986312C1AB75B008B133C /* MovieTableViewCell.swift */,
				840986322C1AB75B008B133C /* MovieTableViewCell.xib */,
			);
			path = Cell;
			sourceTree = "<group>";
		};
		840986352C1ABCFF008B133C /* ViewModel */ = {
			isa = PBXGroup;
			children = (
				840986362C1ABD18008B133C /* MainViewModel.swift */,
			);
			path = ViewModel;
			sourceTree = "<group>";
		};
		840986382C1ABDD9008B133C /* Manager */ = {
			isa = PBXGroup;
			children = (
				8409863B2C1ABEF7008B133C /* Model */,
				840986392C1ABDEC008B133C /* MainManager.swift */,
				8409865C2C1E1C1E008B133C /* APIManager.swift */,
			);
			path = Manager;
			sourceTree = "<group>";
		};
		8409863B2C1ABEF7008B133C /* Model */ = {
			isa = PBXGroup;
			children = (
				8409863C2C1ABF18008B133C /* MoviesResponse.swift */,
				840986402C1ABFDE008B133C /* MovieResponse.swift */,
			);
			path = Model;
			sourceTree = "<group>";
		};
		840986482C1B3D39008B133C /* Adapter */ = {
			isa = PBXGroup;
			children = (
				840986492C1B3D48008B133C /* MainAdapter.swift */,
			);
			path = Adapter;
			sourceTree = "<group>";
		};
		8409864F2C1CC84A008B133C /* Details */ = {
			isa = PBXGroup;
			children = (
				8409864B2C1CC83C008B133C /* MovieDetailsViewController.swift */,
				8409864C2C1CC83C008B133C /* MovieDetailsViewController.xib */,
			);
			path = Details;
			sourceTree = "<group>";
		};
		84B522C22C1A6F8E00372C1E = {
			isa = PBXGroup;
			children = (
				84B522CD2C1A6F8E00372C1E /* MoviesApp */,
				84B522E42C1A6F9000372C1E /* MoviesAppTests */,
				84B522CC2C1A6F8E00372C1E /* Products */,
			);
			sourceTree = "<group>";
		};
		84B522CC2C1A6F8E00372C1E /* Products */ = {
			isa = PBXGroup;
			children = (
				84B522CB2C1A6F8E00372C1E /* MoviesApp.app */,
				84B522E12C1A6F9000372C1E /* MoviesAppTests.xctest */,
			);
			name = Products;
			sourceTree = "<group>";
		};
		84B522CD2C1A6F8E00372C1E /* MoviesApp */ = {
			isa = PBXGroup;
			children = (
				84B522FE2C1A7A8900372C1E /* App */,
				84B522FF2C1A7A9800372C1E /* Launch */,
				84B523022C1A7ACA00372C1E /* Resources */,
				84B523012C1A7AB800372C1E /* Modules */,
				84B523002C1A7AAC00372C1E /* Utilities */,
			);
			path = MoviesApp;
			sourceTree = "<group>";
		};
		84B522E42C1A6F9000372C1E /* MoviesAppTests */ = {
			isa = PBXGroup;
			children = (
				8409865A2C1DE4F6008B133C /* MockMainManager.swift */,
				84B522E52C1A6F9000372C1E /* MainViewModelTests.swift */,
			);
			path = MoviesAppTests;
			sourceTree = "<group>";
		};
		84B522FE2C1A7A8900372C1E /* App */ = {
			isa = PBXGroup;
			children = (
				84B523042C1A7D6100372C1E /* ConfigurationFiles */,
				84B523032C1A7C7F00372C1E /* Delegates */,
			);
			path = App;
			sourceTree = "<group>";
		};
		84B522FF2C1A7A9800372C1E /* Launch */ = {
			isa = PBXGroup;
			children = (
				84B522D92C1A6F9000372C1E /* LaunchScreen.storyboard */,
			);
			path = Launch;
			sourceTree = "<group>";
		};
		84B523002C1A7AAC00372C1E /* Utilities */ = {
			isa = PBXGroup;
			children = (
				84B523082C1A7E5B00372C1E /* Extensions */,
				84B523072C1A7E4D00372C1E /* Helpers */,
				8409865F2C1E1C5A008B133C /* Constants.swift */,
			);
			path = Utilities;
			sourceTree = "<group>";
		};
		84B523012C1A7AB800372C1E /* Modules */ = {
			isa = PBXGroup;
			children = (
				8409864F2C1CC84A008B133C /* Details */,
				84B523062C1A7DA400372C1E /* Main */,
			);
			path = Modules;
			sourceTree = "<group>";
		};
		84B523022C1A7ACA00372C1E /* Resources */ = {
			isa = PBXGroup;
			children = (
				84B522D72C1A6F9000372C1E /* Assets.xcassets */,
			);
			path = Resources;
			sourceTree = "<group>";
		};
		84B523032C1A7C7F00372C1E /* Delegates */ = {
			isa = PBXGroup;
			children = (
				84B522CE2C1A6F8E00372C1E /* AppDelegate.swift */,
				84B522D02C1A6F8E00372C1E /* SceneDelegate.swift */,
			);
			path = Delegates;
			sourceTree = "<group>";
		};
		84B523042C1A7D6100372C1E /* ConfigurationFiles */ = {
			isa = PBXGroup;
			children = (
				84B522DC2C1A6F9000372C1E /* Info.plist */,
			);
			path = ConfigurationFiles;
			sourceTree = "<group>";
		};
		84B523062C1A7DA400372C1E /* Main */ = {
			isa = PBXGroup;
			children = (
				840986482C1B3D39008B133C /* Adapter */,
				840986382C1ABDD9008B133C /* Manager */,
				840986352C1ABCFF008B133C /* ViewModel */,
				84B523112C1A98F700372C1E /* Factory */,
				84B5230B2C1A8E3D00372C1E /* View */,
			);
			path = Main;
			sourceTree = "<group>";
		};
		84B523072C1A7E4D00372C1E /* Helpers */ = {
			isa = PBXGroup;
			children = (
				840986432C1AC193008B133C /* Observable.swift */,
				840986542C1D1965008B133C /* ImageService.swift */,
			);
			path = Helpers;
			sourceTree = "<group>";
		};
		84B523082C1A7E5B00372C1E /* Extensions */ = {
			isa = PBXGroup;
			children = (
				8409863E2C1ABF61008B133C /* URLSessionExtensions.swift */,
				840986502C1CF264008B133C /* UIViewControllerExtensions.swift */,
				840986522C1D193F008B133C /* UIViewExtensions.swift */,
				840986562C1DE189008B133C /* UIColorExtensions.swift */,
			);
			path = Extensions;
			sourceTree = "<group>";
		};
		84B5230B2C1A8E3D00372C1E /* View */ = {
			isa = PBXGroup;
			children = (
				840986302C1AB733008B133C /* Cell */,
				84B5230C2C1A8E6900372C1E /* MainViewController.swift */,
				84B5230D2C1A8E6900372C1E /* MainViewController.xib */,
			);
			path = View;
			sourceTree = "<group>";
		};
		84B523112C1A98F700372C1E /* Factory */ = {
			isa = PBXGroup;
			children = (
				84B523092C1A7EA900372C1E /* MainFactory.swift */,
			);
			path = Factory;
			sourceTree = "<group>";
		};
/* End PBXGroup section */

/* Begin PBXNativeTarget section */
		84B522CA2C1A6F8E00372C1E /* MoviesApp */ = {
			isa = PBXNativeTarget;
			buildConfigurationList = 84B522F52C1A6F9000372C1E /* Build configuration list for PBXNativeTarget "MoviesApp" */;
			buildPhases = (
				84B522C72C1A6F8E00372C1E /* Sources */,
				84B522C82C1A6F8E00372C1E /* Frameworks */,
				84B522C92C1A6F8E00372C1E /* Resources */,
			);
			buildRules = (
			);
			dependencies = (
			);
			name = MoviesApp;
			productName = MoviesApp;
			productReference = 84B522CB2C1A6F8E00372C1E /* MoviesApp.app */;
			productType = "com.apple.product-type.application";
		};
		84B522E02C1A6F9000372C1E /* MoviesAppTests */ = {
			isa = PBXNativeTarget;
			buildConfigurationList = 84B522F82C1A6F9000372C1E /* Build configuration list for PBXNativeTarget "MoviesAppTests" */;
			buildPhases = (
				84B522DD2C1A6F9000372C1E /* Sources */,
				84B522DE2C1A6F9000372C1E /* Frameworks */,
				84B522DF2C1A6F9000372C1E /* Resources */,
			);
			buildRules = (
			);
			dependencies = (
				84B522E32C1A6F9000372C1E /* PBXTargetDependency */,
			);
			name = MoviesAppTests;
			productName = MoviesAppTests;
			productReference = 84B522E12C1A6F9000372C1E /* MoviesAppTests.xctest */;
			productType = "com.apple.product-type.bundle.unit-test";
		};
/* End PBXNativeTarget section */

/* Begin PBXProject section */
		84B522C32C1A6F8E00372C1E /* Project object */ = {
			isa = PBXProject;
			attributes = {
				BuildIndependentTargetsInParallel = 1;
				LastSwiftUpdateCheck = 1540;
				LastUpgradeCheck = 1540;
				TargetAttributes = {
					84B522CA2C1A6F8E00372C1E = {
						CreatedOnToolsVersion = 15.4;
					};
					84B522E02C1A6F9000372C1E = {
						CreatedOnToolsVersion = 15.4;
						TestTargetID = 84B522CA2C1A6F8E00372C1E;
					};
				};
			};
			buildConfigurationList = 84B522C62C1A6F8E00372C1E /* Build configuration list for PBXProject "MoviesApp" */;
			compatibilityVersion = "Xcode 14.0";
			developmentRegion = en;
			hasScannedForEncodings = 0;
			knownRegions = (
				en,
				Base,
			);
			mainGroup = 84B522C22C1A6F8E00372C1E;
			productRefGroup = 84B522CC2C1A6F8E00372C1E /* Products */;
			projectDirPath = "";
			projectRoot = "";
			targets = (
				84B522CA2C1A6F8E00372C1E /* MoviesApp */,
				84B522E02C1A6F9000372C1E /* MoviesAppTests */,
			);
		};
/* End PBXProject section */

/* Begin PBXResourcesBuildPhase section */
		84B522C92C1A6F8E00372C1E /* Resources */ = {
			isa = PBXResourcesBuildPhase;
			buildActionMask = 2147483647;
			files = (
				84B522D82C1A6F9000372C1E /* Assets.xcassets in Resources */,
				840986332C1AB75B008B133C /* MovieTableViewCell.xib in Resources */,
				84B5230E2C1A8E6900372C1E /* MainViewController.xib in Resources */,
				84B522DB2C1A6F9000372C1E /* Base in Resources */,
				8409864E2C1CC83C008B133C /* MovieDetailsViewController.xib in Resources */,
			);
			runOnlyForDeploymentPostprocessing = 0;
		};
		84B522DF2C1A6F9000372C1E /* Resources */ = {
			isa = PBXResourcesBuildPhase;
			buildActionMask = 2147483647;
			files = (
			);
			runOnlyForDeploymentPostprocessing = 0;
		};
/* End PBXResourcesBuildPhase section */

/* Begin PBXSourcesBuildPhase section */
		84B522C72C1A6F8E00372C1E /* Sources */ = {
			isa = PBXSourcesBuildPhase;
			buildActionMask = 2147483647;
			files = (
				840986442C1AC193008B133C /* Observable.swift in Sources */,
				840986602C1E1C5A008B133C /* Constants.swift in Sources */,
				840986552C1D1965008B133C /* ImageService.swift in Sources */,
				840986532C1D193F008B133C /* UIViewExtensions.swift in Sources */,
				840986342C1AB75B008B133C /* MovieTableViewCell.swift in Sources */,
				8409864D2C1CC83C008B133C /* MovieDetailsViewController.swift in Sources */,
				84B5230A2C1A7EA900372C1E /* MainFactory.swift in Sources */,
				8409864A2C1B3D48008B133C /* MainAdapter.swift in Sources */,
				8409863A2C1ABDEC008B133C /* MainManager.swift in Sources */,
				840986572C1DE189008B133C /* UIColorExtensions.swift in Sources */,
				840986512C1CF264008B133C /* UIViewControllerExtensions.swift in Sources */,
				84B522CF2C1A6F8E00372C1E /* AppDelegate.swift in Sources */,
				84B522D12C1A6F8E00372C1E /* SceneDelegate.swift in Sources */,
				8409865D2C1E1C1E008B133C /* APIManager.swift in Sources */,
				84B5230F2C1A8E6900372C1E /* MainViewController.swift in Sources */,
				8409863F2C1ABF61008B133C /* URLSessionExtensions.swift in Sources */,
				840986412C1ABFDE008B133C /* MovieResponse.swift in Sources */,
				840986372C1ABD18008B133C /* MainViewModel.swift in Sources */,
				8409863D2C1ABF18008B133C /* MoviesResponse.swift in Sources */,
			);
			runOnlyForDeploymentPostprocessing = 0;
		};
		84B522DD2C1A6F9000372C1E /* Sources */ = {
			isa = PBXSourcesBuildPhase;
			buildActionMask = 2147483647;
			files = (
				84B522E62C1A6F9000372C1E /* MainViewModelTests.swift in Sources */,
				8409865B2C1DE4F6008B133C /* MockMainManager.swift in Sources */,
			);
			runOnlyForDeploymentPostprocessing = 0;
		};
/* End PBXSourcesBuildPhase section */

/* Begin PBXTargetDependency section */
		84B522E32C1A6F9000372C1E /* PBXTargetDependency */ = {
			isa = PBXTargetDependency;
			target = 84B522CA2C1A6F8E00372C1E /* MoviesApp */;
			targetProxy = 84B522E22C1A6F9000372C1E /* PBXContainerItemProxy */;
		};
/* End PBXTargetDependency section */

/* Begin PBXVariantGroup section */
		84B522D92C1A6F9000372C1E /* LaunchScreen.storyboard */ = {
			isa = PBXVariantGroup;
			children = (
				84B522DA2C1A6F9000372C1E /* Base */,
			);
			name = LaunchScreen.storyboard;
			sourceTree = "<group>";
		};
/* End PBXVariantGroup section */

/* Begin XCBuildConfiguration section */
		84B522F32C1A6F9000372C1E /* Debug */ = {
			isa = XCBuildConfiguration;
			buildSettings = {
				ALWAYS_SEARCH_USER_PATHS = NO;
				ASSETCATALOG_COMPILER_GENERATE_SWIFT_ASSET_SYMBOL_EXTENSIONS = YES;
				CLANG_ANALYZER_NONNULL = YES;
				CLANG_ANALYZER_NUMBER_OBJECT_CONVERSION = YES_AGGRESSIVE;
				CLANG_CXX_LANGUAGE_STANDARD = "gnu++20";
				CLANG_ENABLE_MODULES = YES;
				CLANG_ENABLE_OBJC_ARC = YES;
				CLANG_ENABLE_OBJC_WEAK = YES;
				CLANG_WARN_BLOCK_CAPTURE_AUTORELEASING = YES;
				CLANG_WARN_BOOL_CONVERSION = YES;
				CLANG_WARN_COMMA = YES;
				CLANG_WARN_CONSTANT_CONVERSION = YES;
				CLANG_WARN_DEPRECATED_OBJC_IMPLEMENTATIONS = YES;
				CLANG_WARN_DIRECT_OBJC_ISA_USAGE = YES_ERROR;
				CLANG_WARN_DOCUMENTATION_COMMENTS = YES;
				CLANG_WARN_EMPTY_BODY = YES;
				CLANG_WARN_ENUM_CONVERSION = YES;
				CLANG_WARN_INFINITE_RECURSION = YES;
				CLANG_WARN_INT_CONVERSION = YES;
				CLANG_WARN_NON_LITERAL_NULL_CONVERSION = YES;
				CLANG_WARN_OBJC_IMPLICIT_RETAIN_SELF = YES;
				CLANG_WARN_OBJC_LITERAL_CONVERSION = YES;
				CLANG_WARN_OBJC_ROOT_CLASS = YES_ERROR;
				CLANG_WARN_QUOTED_INCLUDE_IN_FRAMEWORK_HEADER = YES;
				CLANG_WARN_RANGE_LOOP_ANALYSIS = YES;
				CLANG_WARN_STRICT_PROTOTYPES = YES;
				CLANG_WARN_SUSPICIOUS_MOVE = YES;
				CLANG_WARN_UNGUARDED_AVAILABILITY = YES_AGGRESSIVE;
				CLANG_WARN_UNREACHABLE_CODE = YES;
				CLANG_WARN__DUPLICATE_METHOD_MATCH = YES;
				COPY_PHASE_STRIP = NO;
				DEBUG_INFORMATION_FORMAT = dwarf;
				ENABLE_STRICT_OBJC_MSGSEND = YES;
				ENABLE_TESTABILITY = YES;
				ENABLE_USER_SCRIPT_SANDBOXING = YES;
				GCC_C_LANGUAGE_STANDARD = gnu17;
				GCC_DYNAMIC_NO_PIC = NO;
				GCC_NO_COMMON_BLOCKS = YES;
				GCC_OPTIMIZATION_LEVEL = 0;
				GCC_PREPROCESSOR_DEFINITIONS = (
					"DEBUG=1",
					"$(inherited)",
				);
				GCC_WARN_64_TO_32_BIT_CONVERSION = YES;
				GCC_WARN_ABOUT_RETURN_TYPE = YES_ERROR;
				GCC_WARN_UNDECLARED_SELECTOR = YES;
				GCC_WARN_UNINITIALIZED_AUTOS = YES_AGGRESSIVE;
				GCC_WARN_UNUSED_FUNCTION = YES;
				GCC_WARN_UNUSED_VARIABLE = YES;
				IPHONEOS_DEPLOYMENT_TARGET = 17.5;
				LOCALIZATION_PREFERS_STRING_CATALOGS = YES;
				MTL_ENABLE_DEBUG_INFO = INCLUDE_SOURCE;
				MTL_FAST_MATH = YES;
				ONLY_ACTIVE_ARCH = YES;
				SDKROOT = iphoneos;
				SWIFT_ACTIVE_COMPILATION_CONDITIONS = "DEBUG $(inherited)";
				SWIFT_OPTIMIZATION_LEVEL = "-Onone";
			};
			name = Debug;
		};
		84B522F42C1A6F9000372C1E /* Release */ = {
			isa = XCBuildConfiguration;
			buildSettings = {
				ALWAYS_SEARCH_USER_PATHS = NO;
				ASSETCATALOG_COMPILER_GENERATE_SWIFT_ASSET_SYMBOL_EXTENSIONS = YES;
				CLANG_ANALYZER_NONNULL = YES;
				CLANG_ANALYZER_NUMBER_OBJECT_CONVERSION = YES_AGGRESSIVE;
				CLANG_CXX_LANGUAGE_STANDARD = "gnu++20";
				CLANG_ENABLE_MODULES = YES;
				CLANG_ENABLE_OBJC_ARC = YES;
				CLANG_ENABLE_OBJC_WEAK = YES;
				CLANG_WARN_BLOCK_CAPTURE_AUTORELEASING = YES;
				CLANG_WARN_BOOL_CONVERSION = YES;
				CLANG_WARN_COMMA = YES;
				CLANG_WARN_CONSTANT_CONVERSION = YES;
				CLANG_WARN_DEPRECATED_OBJC_IMPLEMENTATIONS = YES;
				CLANG_WARN_DIRECT_OBJC_ISA_USAGE = YES_ERROR;
				CLANG_WARN_DOCUMENTATION_COMMENTS = YES;
				CLANG_WARN_EMPTY_BODY = YES;
				CLANG_WARN_ENUM_CONVERSION = YES;
				CLANG_WARN_INFINITE_RECURSION = YES;
				CLANG_WARN_INT_CONVERSION = YES;
				CLANG_WARN_NON_LITERAL_NULL_CONVERSION = YES;
				CLANG_WARN_OBJC_IMPLICIT_RETAIN_SELF = YES;
				CLANG_WARN_OBJC_LITERAL_CONVERSION = YES;
				CLANG_WARN_OBJC_ROOT_CLASS = YES_ERROR;
				CLANG_WARN_QUOTED_INCLUDE_IN_FRAMEWORK_HEADER = YES;
				CLANG_WARN_RANGE_LOOP_ANALYSIS = YES;
				CLANG_WARN_STRICT_PROTOTYPES = YES;
				CLANG_WARN_SUSPICIOUS_MOVE = YES;
				CLANG_WARN_UNGUARDED_AVAILABILITY = YES_AGGRESSIVE;
				CLANG_WARN_UNREACHABLE_CODE = YES;
				CLANG_WARN__DUPLICATE_METHOD_MATCH = YES;
				COPY_PHASE_STRIP = NO;
				DEBUG_INFORMATION_FORMAT = "dwarf-with-dsym";
				ENABLE_NS_ASSERTIONS = NO;
				ENABLE_STRICT_OBJC_MSGSEND = YES;
				ENABLE_USER_SCRIPT_SANDBOXING = YES;
				GCC_C_LANGUAGE_STANDARD = gnu17;
				GCC_NO_COMMON_BLOCKS = YES;
				GCC_WARN_64_TO_32_BIT_CONVERSION = YES;
				GCC_WARN_ABOUT_RETURN_TYPE = YES_ERROR;
				GCC_WARN_UNDECLARED_SELECTOR = YES;
				GCC_WARN_UNINITIALIZED_AUTOS = YES_AGGRESSIVE;
				GCC_WARN_UNUSED_FUNCTION = YES;
				GCC_WARN_UNUSED_VARIABLE = YES;
				IPHONEOS_DEPLOYMENT_TARGET = 17.5;
				LOCALIZATION_PREFERS_STRING_CATALOGS = YES;
				MTL_ENABLE_DEBUG_INFO = NO;
				MTL_FAST_MATH = YES;
				SDKROOT = iphoneos;
				SWIFT_COMPILATION_MODE = wholemodule;
				VALIDATE_PRODUCT = YES;
			};
			name = Release;
		};
		84B522F62C1A6F9000372C1E /* Debug */ = {
			isa = XCBuildConfiguration;
			buildSettings = {
				ASSETCATALOG_COMPILER_APPICON_NAME = AppIcon;
				ASSETCATALOG_COMPILER_GLOBAL_ACCENT_COLOR_NAME = AccentColor;
				CODE_SIGN_STYLE = Automatic;
				CURRENT_PROJECT_VERSION = 1;
				GENERATE_INFOPLIST_FILE = YES;
				INFOPLIST_FILE = MoviesApp/App/ConfigurationFiles/Info.plist;
				INFOPLIST_KEY_UIApplicationSupportsIndirectInputEvents = YES;
				INFOPLIST_KEY_UILaunchStoryboardName = LaunchScreen;
				INFOPLIST_KEY_UISupportedInterfaceOrientations_iPad = "UIInterfaceOrientationPortrait UIInterfaceOrientationPortraitUpsideDown UIInterfaceOrientationLandscapeLeft UIInterfaceOrientationLandscapeRight";
				INFOPLIST_KEY_UISupportedInterfaceOrientations_iPhone = "UIInterfaceOrientationPortrait UIInterfaceOrientationLandscapeLeft UIInterfaceOrientationLandscapeRight";
				LD_RUNPATH_SEARCH_PATHS = (
					"$(inherited)",
					"@executable_path/Frameworks",
				);
				MARKETING_VERSION = 1.0;
				PRODUCT_BUNDLE_IDENTIFIER = com.lesly.higuera.MoviesApp;
				PRODUCT_NAME = "$(TARGET_NAME)";
				SWIFT_EMIT_LOC_STRINGS = YES;
				SWIFT_VERSION = 5.0;
				TARGETED_DEVICE_FAMILY = "1,2";
			};
			name = Debug;
		};
		84B522F72C1A6F9000372C1E /* Release */ = {
			isa = XCBuildConfiguration;
			buildSettings = {
				ASSETCATALOG_COMPILER_APPICON_NAME = AppIcon;
				ASSETCATALOG_COMPILER_GLOBAL_ACCENT_COLOR_NAME = AccentColor;
				CODE_SIGN_STYLE = Automatic;
				CURRENT_PROJECT_VERSION = 1;
				GENERATE_INFOPLIST_FILE = YES;
				INFOPLIST_FILE = MoviesApp/App/ConfigurationFiles/Info.plist;
				INFOPLIST_KEY_UIApplicationSupportsIndirectInputEvents = YES;
				INFOPLIST_KEY_UILaunchStoryboardName = LaunchScreen;
				INFOPLIST_KEY_UISupportedInterfaceOrientations_iPad = "UIInterfaceOrientationPortrait UIInterfaceOrientationPortraitUpsideDown UIInterfaceOrientationLandscapeLeft UIInterfaceOrientationLandscapeRight";
				INFOPLIST_KEY_UISupportedInterfaceOrientations_iPhone = "UIInterfaceOrientationPortrait UIInterfaceOrientationLandscapeLeft UIInterfaceOrientationLandscapeRight";
				LD_RUNPATH_SEARCH_PATHS = (
					"$(inherited)",
					"@executable_path/Frameworks",
				);
				MARKETING_VERSION = 1.0;
				PRODUCT_BUNDLE_IDENTIFIER = com.lesly.higuera.MoviesApp;
				PRODUCT_NAME = "$(TARGET_NAME)";
				SWIFT_EMIT_LOC_STRINGS = YES;
				SWIFT_VERSION = 5.0;
				TARGETED_DEVICE_FAMILY = "1,2";
			};
			name = Release;
		};
		84B522F92C1A6F9000372C1E /* Debug */ = {
			isa = XCBuildConfiguration;
			buildSettings = {
				ALWAYS_EMBED_SWIFT_STANDARD_LIBRARIES = YES;
				BUNDLE_LOADER = "$(TEST_HOST)";
				CODE_SIGN_STYLE = Automatic;
				CURRENT_PROJECT_VERSION = 1;
				GENERATE_INFOPLIST_FILE = YES;
				IPHONEOS_DEPLOYMENT_TARGET = 17.5;
				MARKETING_VERSION = 1.0;
				PRODUCT_BUNDLE_IDENTIFIER = com.lesly.higuera.MainViewModelTests;
				PRODUCT_NAME = "$(TARGET_NAME)";
				SWIFT_EMIT_LOC_STRINGS = NO;
				SWIFT_VERSION = 5.0;
				TARGETED_DEVICE_FAMILY = "1,2";
				TEST_HOST = "$(BUILT_PRODUCTS_DIR)/MoviesApp.app/$(BUNDLE_EXECUTABLE_FOLDER_PATH)/MoviesApp";
			};
			name = Debug;
		};
		84B522FA2C1A6F9000372C1E /* Release */ = {
			isa = XCBuildConfiguration;
			buildSettings = {
				ALWAYS_EMBED_SWIFT_STANDARD_LIBRARIES = YES;
				BUNDLE_LOADER = "$(TEST_HOST)";
				CODE_SIGN_STYLE = Automatic;
				CURRENT_PROJECT_VERSION = 1;
				GENERATE_INFOPLIST_FILE = YES;
				IPHONEOS_DEPLOYMENT_TARGET = 17.5;
				MARKETING_VERSION = 1.0;
				PRODUCT_BUNDLE_IDENTIFIER = com.lesly.higuera.MainViewModelTests;
				PRODUCT_NAME = "$(TARGET_NAME)";
				SWIFT_EMIT_LOC_STRINGS = NO;
				SWIFT_VERSION = 5.0;
				TARGETED_DEVICE_FAMILY = "1,2";
				TEST_HOST = "$(BUILT_PRODUCTS_DIR)/MoviesApp.app/$(BUNDLE_EXECUTABLE_FOLDER_PATH)/MoviesApp";
			};
			name = Release;
		};
/* End XCBuildConfiguration section */

/* Begin XCConfigurationList section */
		84B522C62C1A6F8E00372C1E /* Build configuration list for PBXProject "MoviesApp" */ = {
			isa = XCConfigurationList;
			buildConfigurations = (
				84B522F32C1A6F9000372C1E /* Debug */,
				84B522F42C1A6F9000372C1E /* Release */,
			);
			defaultConfigurationIsVisible = 0;
			defaultConfigurationName = Release;
		};
		84B522F52C1A6F9000372C1E /* Build configuration list for PBXNativeTarget "MoviesApp" */ = {
			isa = XCConfigurationList;
			buildConfigurations = (
				84B522F62C1A6F9000372C1E /* Debug */,
				84B522F72C1A6F9000372C1E /* Release */,
			);
			defaultConfigurationIsVisible = 0;
			defaultConfigurationName = Release;
		};
		84B522F82C1A6F9000372C1E /* Build configuration list for PBXNativeTarget "MoviesAppTests" */ = {
			isa = XCConfigurationList;
			buildConfigurations = (
				84B522F92C1A6F9000372C1E /* Debug */,
				84B522FA2C1A6F9000372C1E /* Release */,
			);
			defaultConfigurationIsVisible = 0;
			defaultConfigurationName = Release;
		};
/* End XCConfigurationList section */
	};
	rootObject = 84B522C32C1A6F8E00372C1E /* Project object */;
}
